
Microsoft Visual Studio Solution File, Format Version 12.00
# Visual Studio Version 17
VisualStudioVersion = 17.1.32210.238
MinimumVisualStudioVersion = 10.0.40219.1
Project("{FAE04EC0-301F-11D3-BF4B-00C04F79EFBC}") = "tpModul4_1302202072", "tpModul4_1302202072\tpModul4_1302202072.csproj", "{FE15D3EC-28D2-408A-8E88-D25A3C006764}"
EndProject
Global
	GlobalSection(SolutionConfigurationPlatforms) = preSolution
		Debug|Any CPU = Debug|Any CPU
		Release|Any CPU = Release|Any CPU
	EndGlobalSection
	GlobalSection(ProjectConfigurationPlatforms) = postSolution
		{FE15D3EC-28D2-408A-8E88-D25A3C006764}.Debug|Any CPU.ActiveCfg = Debug|Any CPU
		{FE15D3EC-28D2-408A-8E88-D25A3C006764}.Debug|Any CPU.Build.0 = Debug|Any CPU
		{FE15D3EC-28D2-408A-8E88-D25A3C006764}.Release|Any CPU.ActiveCfg = Release|Any CPU
		{FE15D3EC-28D2-408A-8E88-D25A3C006764}.Release|Any CPU.Build.0 = Release|Any CPU
	EndGlobalSection
	GlobalSection(SolutionProperties) = preSolution
		HideSolutionNode = FALSE
	EndGlobalSection
	GlobalSection(ExtensibilityGlobals) = postSolution
		SolutionGuid = {BAEA54F5-EC3A-4065-9703-BA2B8CD820CF}
	EndGlobalSection
EndGlobal
